
Microsoft Visual Studio Solution File, Format Version 12.00
# Visual Studio Version 16
VisualStudioVersion = 16.0.29215.179
MinimumVisualStudioVersion = 10.0.40219.1
Project("{9A19103F-16F7-4668-BE54-9A1E7A4F7556}") = "LiveKraken.Models", "LiveKraken.Models\LiveKraken.Models.csproj", "{EFEE933E-443D-4FDD-9FB2-5E3F690848E3}"
EndProject
Project("{FAE04EC0-301F-11D3-BF4B-00C04F79EFBC}") = "LiveKraken.API", "LiveKraken.API\LiveKraken.API.csproj", "{B351F09A-EE5F-4A39-99A5-1750DF65D729}"
EndProject
Project("{FAE04EC0-301F-11D3-BF4B-00C04F79EFBC}") = "LiveKraken.Data", "LiveKraken.Data\LiveKraken.Data.csproj", "{2B6C4088-D717-4A0A-976A-266C982324FF}"
EndProject
Global
	GlobalSection(SolutionConfigurationPlatforms) = preSolution
		Debug|Any CPU = Debug|Any CPU
		Release|Any CPU = Release|Any CPU
	EndGlobalSection
	GlobalSection(ProjectConfigurationPlatforms) = postSolution
		{EFEE933E-443D-4FDD-9FB2-5E3F690848E3}.Debug|Any CPU.ActiveCfg = Debug|Any CPU
		{EFEE933E-443D-4FDD-9FB2-5E3F690848E3}.Debug|Any CPU.Build.0 = Debug|Any CPU
		{EFEE933E-443D-4FDD-9FB2-5E3F690848E3}.Release|Any CPU.ActiveCfg = Release|Any CPU
		{EFEE933E-443D-4FDD-9FB2-5E3F690848E3}.Release|Any CPU.Build.0 = Release|Any CPU
		{B351F09A-EE5F-4A39-99A5-1750DF65D729}.Debug|Any CPU.ActiveCfg = Debug|Any CPU
		{B351F09A-EE5F-4A39-99A5-1750DF65D729}.Debug|Any CPU.Build.0 = Debug|Any CPU
		{B351F09A-EE5F-4A39-99A5-1750DF65D729}.Release|Any CPU.ActiveCfg = Release|Any CPU
		{B351F09A-EE5F-4A39-99A5-1750DF65D729}.Release|Any CPU.Build.0 = Release|Any CPU
		{2B6C4088-D717-4A0A-976A-266C982324FF}.Debug|Any CPU.ActiveCfg = Debug|Any CPU
		{2B6C4088-D717-4A0A-976A-266C982324FF}.Debug|Any CPU.Build.0 = Debug|Any CPU
		{2B6C4088-D717-4A0A-976A-266C982324FF}.Release|Any CPU.ActiveCfg = Release|Any CPU
		{2B6C4088-D717-4A0A-976A-266C982324FF}.Release|Any CPU.Build.0 = Release|Any CPU
	EndGlobalSection
	GlobalSection(SolutionProperties) = preSolution
		HideSolutionNode = FALSE
	EndGlobalSection
	GlobalSection(ExtensibilityGlobals) = postSolution
		SolutionGuid = {393F2E77-6639-4337-A73F-77018984A4CA}
	EndGlobalSection
EndGlobal
